
Microsoft Visual Studio Solution File, Format Version 12.00
# Visual Studio Version 16
VisualStudioVersion = 16.0.30128.74
MinimumVisualStudioVersion = 10.0.40219.1
Project("{FAE04EC0-301F-11D3-BF4B-00C04F79EFBC}") = "TokioHotelFanApp", "TokioHotelFanApp.csproj", "{1C839309-0562-42FB-883C-BB97426EF382}"
EndProject
Global
	GlobalSection(SolutionConfigurationPlatforms) = preSolution
		Debug|Any CPU = Debug|Any CPU
		Release|Any CPU = Release|Any CPU
	EndGlobalSection
	GlobalSection(ProjectConfigurationPlatforms) = postSolution
		{1C839309-0562-42FB-883C-BB97426EF382}.Debug|Any CPU.ActiveCfg = Debug|Any CPU
		{1C839309-0562-42FB-883C-BB97426EF382}.Debug|Any CPU.Build.0 = Debug|Any CPU
		{1C839309-0562-42FB-883C-BB97426EF382}.Release|Any CPU.ActiveCfg = Release|Any CPU
		{1C839309-0562-42FB-883C-BB97426EF382}.Release|Any CPU.Build.0 = Release|Any CPU
	EndGlobalSection
	GlobalSection(SolutionProperties) = preSolution
		HideSolutionNode = FALSE
	EndGlobalSection
	GlobalSection(ExtensibilityGlobals) = postSolution
		SolutionGuid = {CEBDD2C9-3E6E-4EDF-9D99-CCA978875959}
	EndGlobalSection
EndGlobal
